
Microsoft Visual Studio Solution File, Format Version 12.00
# Visual Studio 15
VisualStudioVersion = 15.0.28010.0
MinimumVisualStudioVersion = 10.0.40219.1
Project("{FAE04EC0-301F-11D3-BF4B-00C04F79EFBC}") = "EM.Calc.ConsoleApp", "EM.Calc.ConsoleApp\EM.Calc.ConsoleApp.csproj", "{876ADB04-76C5-461D-9B54-51AC5A64530C}"
EndProject
Project("{FAE04EC0-301F-11D3-BF4B-00C04F79EFBC}") = "EM.Calc.Tetsts", "..\EM.Calc.Tetsts\EM.Calc.Tetsts.csproj", "{705D0E92-53D8-41F4-BB58-886A21D5ECEB}"
EndProject
Project("{FAE04EC0-301F-11D3-BF4B-00C04F79EFBC}") = "EM.Calc.Core", "..\EM.Calc.Core\EM.Calc.Core.csproj", "{B8C671F7-BF8B-42AC-BF25-564B40937937}"
EndProject
Global
	GlobalSection(SolutionConfigurationPlatforms) = preSolution
		Debug|Any CPU = Debug|Any CPU
		Release|Any CPU = Release|Any CPU
	EndGlobalSection
	GlobalSection(ProjectConfigurationPlatforms) = postSolution
		{876ADB04-76C5-461D-9B54-51AC5A64530C}.Debug|Any CPU.ActiveCfg = Debug|Any CPU
		{876ADB04-76C5-461D-9B54-51AC5A64530C}.Debug|Any CPU.Build.0 = Debug|Any CPU
		{876ADB04-76C5-461D-9B54-51AC5A64530C}.Release|Any CPU.ActiveCfg = Release|Any CPU
		{876ADB04-76C5-461D-9B54-51AC5A64530C}.Release|Any CPU.Build.0 = Release|Any CPU
		{705D0E92-53D8-41F4-BB58-886A21D5ECEB}.Debug|Any CPU.ActiveCfg = Debug|Any CPU
		{705D0E92-53D8-41F4-BB58-886A21D5ECEB}.Debug|Any CPU.Build.0 = Debug|Any CPU
		{705D0E92-53D8-41F4-BB58-886A21D5ECEB}.Release|Any CPU.ActiveCfg = Release|Any CPU
		{705D0E92-53D8-41F4-BB58-886A21D5ECEB}.Release|Any CPU.Build.0 = Release|Any CPU
		{B8C671F7-BF8B-42AC-BF25-564B40937937}.Debug|Any CPU.ActiveCfg = Debug|Any CPU
		{B8C671F7-BF8B-42AC-BF25-564B40937937}.Debug|Any CPU.Build.0 = Debug|Any CPU
		{B8C671F7-BF8B-42AC-BF25-564B40937937}.Release|Any CPU.ActiveCfg = Release|Any CPU
		{B8C671F7-BF8B-42AC-BF25-564B40937937}.Release|Any CPU.Build.0 = Release|Any CPU
	EndGlobalSection
	GlobalSection(SolutionProperties) = preSolution
		HideSolutionNode = FALSE
	EndGlobalSection
	GlobalSection(ExtensibilityGlobals) = postSolution
		SolutionGuid = {698280E1-A02E-4A43-9798-1307CE326048}
	EndGlobalSection
EndGlobal
